
Microsoft Visual Studio Solution File, Format Version 12.00
# Visual Studio Version 17
VisualStudioVersion = 17.14.36804.6 d17.14
MinimumVisualStudioVersion = 10.0.40219.1
Project("{FAE04EC0-301F-11D3-BF4B-00C04F79EFBC}") = "TcpLoggingApp", "TcpLoggingApp.csproj", "{9A735513-BA47-8CC8-B2D0-3068BF50DA8F}"
EndProject
Global
	GlobalSection(SolutionConfigurationPlatforms) = preSolution
		Debug|Any CPU = Debug|Any CPU
		Release|Any CPU = Release|Any CPU
	EndGlobalSection
	GlobalSection(ProjectConfigurationPlatforms) = postSolution
		{9A735513-BA47-8CC8-B2D0-3068BF50DA8F}.Debug|Any CPU.ActiveCfg = Debug|Any CPU
		{9A735513-BA47-8CC8-B2D0-3068BF50DA8F}.Debug|Any CPU.Build.0 = Debug|Any CPU
		{9A735513-BA47-8CC8-B2D0-3068BF50DA8F}.Release|Any CPU.ActiveCfg = Release|Any CPU
		{9A735513-BA47-8CC8-B2D0-3068BF50DA8F}.Release|Any CPU.Build.0 = Release|Any CPU
	EndGlobalSection
	GlobalSection(SolutionProperties) = preSolution
		HideSolutionNode = FALSE
	EndGlobalSection
	GlobalSection(ExtensibilityGlobals) = postSolution
		SolutionGuid = {9E68C7A2-157A-46FB-A130-4F0AFD6B8772}
	EndGlobalSection
EndGlobal
